
Microsoft Visual Studio Solution File, Format Version 12.00
# Visual Studio 2017
Project("{FAE04EC0-301F-11D3-BF4B-00C04F79EFBC}") = "2D Platformer Player Controller", "2D Platformer Player Controller.csproj", "{19F26E42-B872-8DA3-1ED5-50448EB79F20}"
EndProject
Global
	GlobalSection(SolutionConfigurationPlatforms) = preSolution
		Debug|Any CPU = Debug|Any CPU
		Release|Any CPU = Release|Any CPU
	EndGlobalSection
	GlobalSection(ProjectConfigurationPlatforms) = postSolution
		{19F26E42-B872-8DA3-1ED5-50448EB79F20}.Debug|Any CPU.ActiveCfg = Debug|Any CPU
		{19F26E42-B872-8DA3-1ED5-50448EB79F20}.Debug|Any CPU.Build.0 = Debug|Any CPU
		{19F26E42-B872-8DA3-1ED5-50448EB79F20}.Release|Any CPU.ActiveCfg = Release|Any CPU
		{19F26E42-B872-8DA3-1ED5-50448EB79F20}.Release|Any CPU.Build.0 = Release|Any CPU
	EndGlobalSection
	GlobalSection(SolutionProperties) = preSolution
		HideSolutionNode = FALSE
	EndGlobalSection
EndGlobal
