
Microsoft Visual Studio Solution File, Format Version 12.00
# Visual Studio 2017
Project("{FAE04EC0-301F-11D3-BF4B-00C04F79EFBC}") = "PlayerController2D", "PlayerController2D.csproj", "{8376E31D-72C9-43A9-21AC-84896219164A}"
EndProject
Global
	GlobalSection(SolutionConfigurationPlatforms) = preSolution
		Debug|Any CPU = Debug|Any CPU
		Release|Any CPU = Release|Any CPU
	EndGlobalSection
	GlobalSection(ProjectConfigurationPlatforms) = postSolution
		{8376E31D-72C9-43A9-21AC-84896219164A}.Debug|Any CPU.ActiveCfg = Debug|Any CPU
		{8376E31D-72C9-43A9-21AC-84896219164A}.Debug|Any CPU.Build.0 = Debug|Any CPU
		{8376E31D-72C9-43A9-21AC-84896219164A}.Release|Any CPU.ActiveCfg = Release|Any CPU
		{8376E31D-72C9-43A9-21AC-84896219164A}.Release|Any CPU.Build.0 = Release|Any CPU
	EndGlobalSection
	GlobalSection(SolutionProperties) = preSolution
		HideSolutionNode = FALSE
	EndGlobalSection
EndGlobal
